// !$*UTF8*$!
{
	archiveVersion = 1;
	classes = {
	};
	objectVersion = 56;
	objects = {

/* Begin PBXBuildFile section */
		9F1B1E1D28EDC8F400C39620 /* WeatherAppProjectApp.swift in Sources */ = {isa = PBXBuildFile; fileRef = 9F1B1E1C28EDC8F400C39620 /* WeatherAppProjectApp.swift */; };
		9F1B1E1F28EDC8F400C39620 /* ContentView.swift in Sources */ = {isa = PBXBuildFile; fileRef = 9F1B1E1E28EDC8F400C39620 /* ContentView.swift */; };
		9F1B1E2128EDC8F600C39620 /* Assets.xcassets in Resources */ = {isa = PBXBuildFile; fileRef = 9F1B1E2028EDC8F600C39620 /* Assets.xcassets */; };
		9F1B1E2428EDC8F600C39620 /* Preview Assets.xcassets in Resources */ = {isa = PBXBuildFile; fileRef = 9F1B1E2328EDC8F600C39620 /* Preview Assets.xcassets */; };
		9F1B1E2C28EDC98A00C39620 /* LocationManager.swift in Sources */ = {isa = PBXBuildFile; fileRef = 9F1B1E2B28EDC98A00C39620 /* LocationManager.swift */; };
		9F1B1E2F28EDCB9A00C39620 /* WelcomeView.swift in Sources */ = {isa = PBXBuildFile; fileRef = 9F1B1E2E28EDCB9A00C39620 /* WelcomeView.swift */; };
		9F1B1E3128EDCF4A00C39620 /* LoadingView.swift in Sources */ = {isa = PBXBuildFile; fileRef = 9F1B1E3028EDCF4A00C39620 /* LoadingView.swift */; };
		9F1B1E3328EDDA1300C39620 /* WeatherManager.swift in Sources */ = {isa = PBXBuildFile; fileRef = 9F1B1E3228EDDA1300C39620 /* WeatherManager.swift */; };
		9F1B1E3528EDDF7D00C39620 /* WeatherView.swift in Sources */ = {isa = PBXBuildFile; fileRef = 9F1B1E3428EDDF7C00C39620 /* WeatherView.swift */; };
		9F1B1E3728EDDFEE00C39620 /* ModelData.swift in Sources */ = {isa = PBXBuildFile; fileRef = 9F1B1E3628EDDFEE00C39620 /* ModelData.swift */; };
		9F1B1E3928EDE02D00C39620 /* weatherData.json in Resources */ = {isa = PBXBuildFile; fileRef = 9F1B1E3828EDE02D00C39620 /* weatherData.json */; };
		9F1B1E3C28EDE2E500C39620 /* Extensions.swift in Sources */ = {isa = PBXBuildFile; fileRef = 9F1B1E3B28EDE2E500C39620 /* Extensions.swift */; };
		9F1B1E3F28EDF3D600C39620 /* WeatherRow.swift in Sources */ = {isa = PBXBuildFile; fileRef = 9F1B1E3E28EDF3D600C39620 /* WeatherRow.swift */; };
/* End PBXBuildFile section */

/* Begin PBXFileReference section */
		9F1B1E1928EDC8F400C39620 /* WeatherAppProject.app */ = {isa = PBXFileReference; explicitFileType = wrapper.application; includeInIndex = 0; path = WeatherAppProject.app; sourceTree = BUILT_PRODUCTS_DIR; };
		9F1B1E1C28EDC8F400C39620 /* WeatherAppProjectApp.swift */ = {isa = PBXFileReference; lastKnownFileType = sourcecode.swift; path = WeatherAppProjectApp.swift; sourceTree = "<group>"; };
		9F1B1E1E28EDC8F400C39620 /* ContentView.swift */ = {isa = PBXFileReference; lastKnownFileType = sourcecode.swift; path = ContentView.swift; sourceTree = "<group>"; };
		9F1B1E2028EDC8F600C39620 /* Assets.xcassets */ = {isa = PBXFileReference; lastKnownFileType = folder.assetcatalog; path = Assets.xcassets; sourceTree = "<group>"; };
		9F1B1E2328EDC8F600C39620 /* Preview Assets.xcassets */ = {isa = PBXFileReference; lastKnownFileType = folder.assetcatalog; path = "Preview Assets.xcassets"; sourceTree = "<group>"; };
		9F1B1E2B28EDC98A00C39620 /* LocationManager.swift */ = {isa = PBXFileReference; lastKnownFileType = sourcecode.swift; path = LocationManager.swift; sourceTree = "<group>"; };
		9F1B1E2E28EDCB9A00C39620 /* WelcomeView.swift */ = {isa = PBXFileReference; lastKnownFileType = sourcecode.swift; path = WelcomeView.swift; sourceTree = "<group>"; };
		9F1B1E3028EDCF4A00C39620 /* LoadingView.swift */ = {isa = PBXFileReference; lastKnownFileType = sourcecode.swift; path = LoadingView.swift; sourceTree = "<group>"; };
		9F1B1E3228EDDA1300C39620 /* WeatherManager.swift */ = {isa = PBXFileReference; lastKnownFileType = sourcecode.swift; path = WeatherManager.swift; sourceTree = "<group>"; };
		9F1B1E3428EDDF7C00C39620 /* WeatherView.swift */ = {isa = PBXFileReference; lastKnownFileType = sourcecode.swift; path = WeatherView.swift; sourceTree = "<group>"; };
		9F1B1E3628EDDFEE00C39620 /* ModelData.swift */ = {isa = PBXFileReference; lastKnownFileType = sourcecode.swift; path = ModelData.swift; sourceTree = "<group>"; };
		9F1B1E3828EDE02D00C39620 /* weatherData.json */ = {isa = PBXFileReference; lastKnownFileType = text.json; path = weatherData.json; sourceTree = "<group>"; };
		9F1B1E3B28EDE2E500C39620 /* Extensions.swift */ = {isa = PBXFileReference; lastKnownFileType = sourcecode.swift; path = Extensions.swift; sourceTree = "<group>"; };
		9F1B1E3E28EDF3D600C39620 /* WeatherRow.swift */ = {isa = PBXFileReference; lastKnownFileType = sourcecode.swift; path = WeatherRow.swift; sourceTree = "<group>"; };
/* End PBXFileReference section */

/* Begin PBXFrameworksBuildPhase section */
		9F1B1E1628EDC8F400C39620 /* Frameworks */ = {
			isa = PBXFrameworksBuildPhase;
			buildActionMask = 2147483647;
			files = (
			);
			runOnlyForDeploymentPostprocessing = 0;
		};
/* End PBXFrameworksBuildPhase section */

/* Begin PBXGroup section */
		9F1B1E1028EDC8F400C39620 = {
			isa = PBXGroup;
			children = (
				9F1B1E1B28EDC8F400C39620 /* WeatherAppProject */,
				9F1B1E1A28EDC8F400C39620 /* Products */,
			);
			sourceTree = "<group>";
		};
		9F1B1E1A28EDC8F400C39620 /* Products */ = {
			isa = PBXGroup;
			children = (
				9F1B1E1928EDC8F400C39620 /* WeatherAppProject.app */,
			);
			name = Products;
			sourceTree = "<group>";
		};
		9F1B1E1B28EDC8F400C39620 /* WeatherAppProject */ = {
			isa = PBXGroup;
			children = (
				9F1B1E1C28EDC8F400C39620 /* WeatherAppProjectApp.swift */,
				9F1B1E2D28EDCB2600C39620 /* Views */,
				9F1B1E2A28EDC96800C39620 /* Managers */,
				9F1B1E3B28EDE2E500C39620 /* Extensions.swift */,
				9F1B1E2028EDC8F600C39620 /* Assets.xcassets */,
				9F1B1E2228EDC8F600C39620 /* Preview Content */,
			);
			path = WeatherAppProject;
			sourceTree = "<group>";
		};
		9F1B1E2228EDC8F600C39620 /* Preview Content */ = {
			isa = PBXGroup;
			children = (
				9F1B1E3628EDDFEE00C39620 /* ModelData.swift */,
				9F1B1E3828EDE02D00C39620 /* weatherData.json */,
				9F1B1E2328EDC8F600C39620 /* Preview Assets.xcassets */,
			);
			path = "Preview Content";
			sourceTree = "<group>";
		};
		9F1B1E2A28EDC96800C39620 /* Managers */ = {
			isa = PBXGroup;
			children = (
				9F1B1E2B28EDC98A00C39620 /* LocationManager.swift */,
				9F1B1E3228EDDA1300C39620 /* WeatherManager.swift */,
				9F1B1E3D28EDE86300C39620 /* Components */,
			);
			path = Managers;
			sourceTree = "<group>";
		};
		9F1B1E2D28EDCB2600C39620 /* Views */ = {
			isa = PBXGroup;
			children = (
				9F1B1E1E28EDC8F400C39620 /* ContentView.swift */,
				9F1B1E3428EDDF7C00C39620 /* WeatherView.swift */,
				9F1B1E2E28EDCB9A00C39620 /* WelcomeView.swift */,
				9F1B1E3028EDCF4A00C39620 /* LoadingView.swift */,
			);
			path = Views;
			sourceTree = "<group>";
		};
		9F1B1E3D28EDE86300C39620 /* Components */ = {
			isa = PBXGroup;
			children = (
				9F1B1E3E28EDF3D600C39620 /* WeatherRow.swift */,
			);
			path = Components;
			sourceTree = "<group>";
		};
/* End PBXGroup section */

/* Begin PBXNativeTarget section */
		9F1B1E1828EDC8F400C39620 /* WeatherAppProject */ = {
			isa = PBXNativeTarget;
			buildConfigurationList = 9F1B1E2728EDC8F600C39620 /* Build configuration list for PBXNativeTarget "WeatherAppProject" */;
			buildPhases = (
				9F1B1E1528EDC8F400C39620 /* Sources */,
				9F1B1E1628EDC8F400C39620 /* Frameworks */,
				9F1B1E1728EDC8F400C39620 /* Resources */,
			);
			buildRules = (
			);
			dependencies = (
			);
			name = WeatherAppProject;
			productName = WeatherAppProject;
			productReference = 9F1B1E1928EDC8F400C39620 /* WeatherAppProject.app */;
			productType = "com.apple.product-type.application";
		};
/* End PBXNativeTarget section */

/* Begin PBXProject section */
		9F1B1E1128EDC8F400C39620 /* Project object */ = {
			isa = PBXProject;
			attributes = {
				BuildIndependentTargetsInParallel = 1;
				LastSwiftUpdateCheck = 1400;
				LastUpgradeCheck = 1400;
				TargetAttributes = {
					9F1B1E1828EDC8F400C39620 = {
						CreatedOnToolsVersion = 14.0.1;
					};
				};
			};
			buildConfigurationList = 9F1B1E1428EDC8F400C39620 /* Build configuration list for PBXProject "WeatherAppProject" */;
			compatibilityVersion = "Xcode 14.0";
			developmentRegion = en;
			hasScannedForEncodings = 0;
			knownRegions = (
				en,
				Base,
			);
			mainGroup = 9F1B1E1028EDC8F400C39620;
			productRefGroup = 9F1B1E1A28EDC8F400C39620 /* Products */;
			projectDirPath = "";
			projectRoot = "";
			targets = (
				9F1B1E1828EDC8F400C39620 /* WeatherAppProject */,
			);
		};
/* End PBXProject section */

/* Begin PBXResourcesBuildPhase section */
		9F1B1E1728EDC8F400C39620 /* Resources */ = {
			isa = PBXResourcesBuildPhase;
			buildActionMask = 2147483647;
			files = (
				9F1B1E2428EDC8F600C39620 /* Preview Assets.xcassets in Resources */,
				9F1B1E3928EDE02D00C39620 /* weatherData.json in Resources */,
				9F1B1E2128EDC8F600C39620 /* Assets.xcassets in Resources */,
			);
			runOnlyForDeploymentPostprocessing = 0;
		};
/* End PBXResourcesBuildPhase section */

/* Begin PBXSourcesBuildPhase section */
		9F1B1E1528EDC8F400C39620 /* Sources */ = {
			isa = PBXSourcesBuildPhase;
			buildActionMask = 2147483647;
			files = (
				9F1B1E3328EDDA1300C39620 /* WeatherManager.swift in Sources */,
				9F1B1E3C28EDE2E500C39620 /* Extensions.swift in Sources */,
				9F1B1E1F28EDC8F400C39620 /* ContentView.swift in Sources */,
				9F1B1E1D28EDC8F400C39620 /* WeatherAppProjectApp.swift in Sources */,
				9F1B1E3128EDCF4A00C39620 /* LoadingView.swift in Sources */,
				9F1B1E3F28EDF3D600C39620 /* WeatherRow.swift in Sources */,
				9F1B1E2C28EDC98A00C39620 /* LocationManager.swift in Sources */,
				9F1B1E3728EDDFEE00C39620 /* ModelData.swift in Sources */,
				9F1B1E3528EDDF7D00C39620 /* WeatherView.swift in Sources */,
				9F1B1E2F28EDCB9A00C39620 /* WelcomeView.swift in Sources */,
			);
			runOnlyForDeploymentPostprocessing = 0;
		};
/* End PBXSourcesBuildPhase section */

/* Begin XCBuildConfiguration section */
		9F1B1E2528EDC8F600C39620 /* Debug */ = {
			isa = XCBuildConfiguration;
			buildSettings = {
				ALWAYS_SEARCH_USER_PATHS = NO;
				CLANG_ANALYZER_NONNULL = YES;
				CLANG_ANALYZER_NUMBER_OBJECT_CONVERSION = YES_AGGRESSIVE;
				CLANG_CXX_LANGUAGE_STANDARD = "gnu++20";
				CLANG_ENABLE_MODULES = YES;
				CLANG_ENABLE_OBJC_ARC = YES;
				CLANG_ENABLE_OBJC_WEAK = YES;
				CLANG_WARN_BLOCK_CAPTURE_AUTORELEASING = YES;
				CLANG_WARN_BOOL_CONVERSION = YES;
				CLANG_WARN_COMMA = YES;
				CLANG_WARN_CONSTANT_CONVERSION = YES;
				CLANG_WARN_DEPRECATED_OBJC_IMPLEMENTATIONS = YES;
				CLANG_WARN_DIRECT_OBJC_ISA_USAGE = YES_ERROR;
				CLANG_WARN_DOCUMENTATION_COMMENTS = YES;
				CLANG_WARN_EMPTY_BODY = YES;
				CLANG_WARN_ENUM_CONVERSION = YES;
				CLANG_WARN_INFINITE_RECURSION = YES;
				CLANG_WARN_INT_CONVERSION = YES;
				CLANG_WARN_NON_LITERAL_NULL_CONVERSION = YES;
				CLANG_WARN_OBJC_IMPLICIT_RETAIN_SELF = YES;
				CLANG_WARN_OBJC_LITERAL_CONVERSION = YES;
				CLANG_WARN_OBJC_ROOT_CLASS = YES_ERROR;
				CLANG_WARN_QUOTED_INCLUDE_IN_FRAMEWORK_HEADER = YES;
				CLANG_WARN_RANGE_LOOP_ANALYSIS = YES;
				CLANG_WARN_STRICT_PROTOTYPES = YES;
				CLANG_WARN_SUSPICIOUS_MOVE = YES;
				CLANG_WARN_UNGUARDED_AVAILABILITY = YES_AGGRESSIVE;
				CLANG_WARN_UNREACHABLE_CODE = YES;
				CLANG_WARN__DUPLICATE_METHOD_MATCH = YES;
				COPY_PHASE_STRIP = NO;
				DEBUG_INFORMATION_FORMAT = dwarf;
				ENABLE_STRICT_OBJC_MSGSEND = YES;
				ENABLE_TESTABILITY = YES;
				GCC_C_LANGUAGE_STANDARD = gnu11;
				GCC_DYNAMIC_NO_PIC = NO;
				GCC_NO_COMMON_BLOCKS = YES;
				GCC_OPTIMIZATION_LEVEL = 0;
				GCC_PREPROCESSOR_DEFINITIONS = (
					"DEBUG=1",
					"$(inherited)",
				);
				GCC_WARN_64_TO_32_BIT_CONVERSION = YES;
				GCC_WARN_ABOUT_RETURN_TYPE = YES_ERROR;
				GCC_WARN_UNDECLARED_SELECTOR = YES;
				GCC_WARN_UNINITIALIZED_AUTOS = YES_AGGRESSIVE;
				GCC_WARN_UNUSED_FUNCTION = YES;
				GCC_WARN_UNUSED_VARIABLE = YES;
				IPHONEOS_DEPLOYMENT_TARGET = 16.0;
				MTL_ENABLE_DEBUG_INFO = INCLUDE_SOURCE;
				MTL_FAST_MATH = YES;
				ONLY_ACTIVE_ARCH = YES;
				SDKROOT = iphoneos;
				SWIFT_ACTIVE_COMPILATION_CONDITIONS = DEBUG;
				SWIFT_OPTIMIZATION_LEVEL = "-Onone";
			};
			name = Debug;
		};
		9F1B1E2628EDC8F600C39620 /* Release */ = {
			isa = XCBuildConfiguration;
			buildSettings = {
				ALWAYS_SEARCH_USER_PATHS = NO;
				CLANG_ANALYZER_NONNULL = YES;
				CLANG_ANALYZER_NUMBER_OBJECT_CONVERSION = YES_AGGRESSIVE;
				CLANG_CXX_LANGUAGE_STANDARD = "gnu++20";
				CLANG_ENABLE_MODULES = YES;
				CLANG_ENABLE_OBJC_ARC = YES;
				CLANG_ENABLE_OBJC_WEAK = YES;
				CLANG_WARN_BLOCK_CAPTURE_AUTORELEASING = YES;
				CLANG_WARN_BOOL_CONVERSION = YES;
				CLANG_WARN_COMMA = YES;
				CLANG_WARN_CONSTANT_CONVERSION = YES;
				CLANG_WARN_DEPRECATED_OBJC_IMPLEMENTATIONS = YES;
				CLANG_WARN_DIRECT_OBJC_ISA_USAGE = YES_ERROR;
				CLANG_WARN_DOCUMENTATION_COMMENTS = YES;
				CLANG_WARN_EMPTY_BODY = YES;
				CLANG_WARN_ENUM_CONVERSION = YES;
				CLANG_WARN_INFINITE_RECURSION = YES;
				CLANG_WARN_INT_CONVERSION = YES;
				CLANG_WARN_NON_LITERAL_NULL_CONVERSION = YES;
				CLANG_WARN_OBJC_IMPLICIT_RETAIN_SELF = YES;
				CLANG_WARN_OBJC_LITERAL_CONVERSION = YES;
				CLANG_WARN_OBJC_ROOT_CLASS = YES_ERROR;
				CLANG_WARN_QUOTED_INCLUDE_IN_FRAMEWORK_HEADER = YES;
				CLANG_WARN_RANGE_LOOP_ANALYSIS = YES;
				CLANG_WARN_STRICT_PROTOTYPES = YES;
				CLANG_WARN_SUSPICIOUS_MOVE = YES;
				CLANG_WARN_UNGUARDED_AVAILABILITY = YES_AGGRESSIVE;
				CLANG_WARN_UNREACHABLE_CODE = YES;
				CLANG_WARN__DUPLICATE_METHOD_MATCH = YES;
				COPY_PHASE_STRIP = NO;
				DEBUG_INFORMATION_FORMAT = "dwarf-with-dsym";
				ENABLE_NS_ASSERTIONS = NO;
				ENABLE_STRICT_OBJC_MSGSEND = YES;
				GCC_C_LANGUAGE_STANDARD = gnu11;
				GCC_NO_COMMON_BLOCKS = YES;
				GCC_WARN_64_TO_32_BIT_CONVERSION = YES;
				GCC_WARN_ABOUT_RETURN_TYPE = YES_ERROR;
				GCC_WARN_UNDECLARED_SELECTOR = YES;
				GCC_WARN_UNINITIALIZED_AUTOS = YES_AGGRESSIVE;
				GCC_WARN_UNUSED_FUNCTION = YES;
				GCC_WARN_UNUSED_VARIABLE = YES;
				IPHONEOS_DEPLOYMENT_TARGET = 16.0;
				MTL_ENABLE_DEBUG_INFO = NO;
				MTL_FAST_MATH = YES;
				SDKROOT = iphoneos;
				SWIFT_COMPILATION_MODE = wholemodule;
				SWIFT_OPTIMIZATION_LEVEL = "-O";
				VALIDATE_PRODUCT = YES;
			};
			name = Release;
		};
		9F1B1E2828EDC8F600C39620 /* Debug */ = {
			isa = XCBuildConfiguration;
			buildSettings = {
				ASSETCATALOG_COMPILER_APPICON_NAME = AppIcon;
				ASSETCATALOG_COMPILER_GLOBAL_ACCENT_COLOR_NAME = AccentColor;
				CODE_SIGN_STYLE = Automatic;
				CURRENT_PROJECT_VERSION = 1;
				DEVELOPMENT_ASSET_PATHS = "\"WeatherAppProject/Preview Content\"";
				DEVELOPMENT_TEAM = B2S39LPH8P;
				ENABLE_PREVIEWS = YES;
				GENERATE_INFOPLIST_FILE = YES;
				INFOPLIST_KEY_UIApplicationSceneManifest_Generation = YES;
				INFOPLIST_KEY_UIApplicationSupportsIndirectInputEvents = YES;
				INFOPLIST_KEY_UILaunchScreen_Generation = YES;
				INFOPLIST_KEY_UISupportedInterfaceOrientations_iPad = "UIInterfaceOrientationPortrait UIInterfaceOrientationPortraitUpsideDown UIInterfaceOrientationLandscapeLeft UIInterfaceOrientationLandscapeRight";
				INFOPLIST_KEY_UISupportedInterfaceOrientations_iPhone = "UIInterfaceOrientationPortrait UIInterfaceOrientationLandscapeLeft UIInterfaceOrientationLandscapeRight";
				IPHONEOS_DEPLOYMENT_TARGET = 16.0;
				LD_RUNPATH_SEARCH_PATHS = (
					"$(inherited)",
					"@executable_path/Frameworks",
				);
				MARKETING_VERSION = 1.0;
				PRODUCT_BUNDLE_IDENTIFIER = mirandas.WeatherAppProject;
				PRODUCT_NAME = "$(TARGET_NAME)";
				SWIFT_EMIT_LOC_STRINGS = YES;
				SWIFT_VERSION = 5.0;
				TARGETED_DEVICE_FAMILY = "1,2";
			};
			name = Debug;
		};
		9F1B1E2928EDC8F600C39620 /* Release */ = {
			isa = XCBuildConfiguration;
			buildSettings = {
				ASSETCATALOG_COMPILER_APPICON_NAME = AppIcon;
				ASSETCATALOG_COMPILER_GLOBAL_ACCENT_COLOR_NAME = AccentColor;
				CODE_SIGN_STYLE = Automatic;
				CURRENT_PROJECT_VERSION = 1;
				DEVELOPMENT_ASSET_PATHS = "\"WeatherAppProject/Preview Content\"";
				DEVELOPMENT_TEAM = B2S39LPH8P;
				ENABLE_PREVIEWS = YES;
				GENERATE_INFOPLIST_FILE = YES;
				INFOPLIST_KEY_UIApplicationSceneManifest_Generation = YES;
				INFOPLIST_KEY_UIApplicationSupportsIndirectInputEvents = YES;
				INFOPLIST_KEY_UILaunchScreen_Generation = YES;
				INFOPLIST_KEY_UISupportedInterfaceOrientations_iPad = "UIInterfaceOrientationPortrait UIInterfaceOrientationPortraitUpsideDown UIInterfaceOrientationLandscapeLeft UIInterfaceOrientationLandscapeRight";
				INFOPLIST_KEY_UISupportedInterfaceOrientations_iPhone = "UIInterfaceOrientationPortrait UIInterfaceOrientationLandscapeLeft UIInterfaceOrientationLandscapeRight";
				IPHONEOS_DEPLOYMENT_TARGET = 16.0;
				LD_RUNPATH_SEARCH_PATHS = (
					"$(inherited)",
					"@executable_path/Frameworks",
				);
				MARKETING_VERSION = 1.0;
				PRODUCT_BUNDLE_IDENTIFIER = mirandas.WeatherAppProject;
				PRODUCT_NAME = "$(TARGET_NAME)";
				SWIFT_EMIT_LOC_STRINGS = YES;
				SWIFT_VERSION = 5.0;
				TARGETED_DEVICE_FAMILY = "1,2";
			};
			name = Release;
		};
/* End XCBuildConfiguration section */

/* Begin XCConfigurationList section */
		9F1B1E1428EDC8F400C39620 /* Build configuration list for PBXProject "WeatherAppProject" */ = {
			isa = XCConfigurationList;
			buildConfigurations = (
				9F1B1E2528EDC8F600C39620 /* Debug */,
				9F1B1E2628EDC8F600C39620 /* Release */,
			);
			defaultConfigurationIsVisible = 0;
			defaultConfigurationName = Release;
		};
		9F1B1E2728EDC8F600C39620 /* Build configuration list for PBXNativeTarget "WeatherAppProject" */ = {
			isa = XCConfigurationList;
			buildConfigurations = (
				9F1B1E2828EDC8F600C39620 /* Debug */,
				9F1B1E2928EDC8F600C39620 /* Release */,
			);
			defaultConfigurationIsVisible = 0;
			defaultConfigurationName = Release;
		};
/* End XCConfigurationList section */
	};
	rootObject = 9F1B1E1128EDC8F400C39620 /* Project object */;
}
